
Microsoft Visual Studio Solution File, Format Version 12.00
# Visual Studio Version 16
VisualStudioVersion = 16.0.30711.63
MinimumVisualStudioVersion = 10.0.40219.1
Project("{9A19103F-16F7-4668-BE54-9A1E7A4F7556}") = "EuropAssistance.Portugal.DRSA.Missioning.Api", "EuropAssistance.Portugal.DRSA.Missioning\EuropAssistance.Portugal.DRSA.Missioning.Api.csproj", "{91A7FC7B-5A9C-40A6-87EB-85519E1D1A31}"
EndProject
Project("{9A19103F-16F7-4668-BE54-9A1E7A4F7556}") = "EuropAssistance.Portugal.DRSA.Missioning.Service", "EuropAssistance.Portugal.DRSA.Missioning.Service\EuropAssistance.Portugal.DRSA.Missioning.Service.csproj", "{39A13832-002A-4F73-9D87-010E6EFC1762}"
EndProject
Project("{FAE04EC0-301F-11D3-BF4B-00C04F79EFBC}") = "EuropAssistance.Portugal.DRSA.Missioning.Models", "EuropAssistance.Portugal.DRSA.Missioning.Data\EuropAssistance.Portugal.DRSA.Missioning.Models.csproj", "{54BA2320-4791-42A1-ADB0-47283BDFDD58}"
EndProject
Global
	GlobalSection(SolutionConfigurationPlatforms) = preSolution
		Debug|Any CPU = Debug|Any CPU
		Release|Any CPU = Release|Any CPU
	EndGlobalSection
	GlobalSection(ProjectConfigurationPlatforms) = postSolution
		{91A7FC7B-5A9C-40A6-87EB-85519E1D1A31}.Debug|Any CPU.ActiveCfg = Debug|Any CPU
		{91A7FC7B-5A9C-40A6-87EB-85519E1D1A31}.Debug|Any CPU.Build.0 = Debug|Any CPU
		{91A7FC7B-5A9C-40A6-87EB-85519E1D1A31}.Release|Any CPU.ActiveCfg = Release|Any CPU
		{91A7FC7B-5A9C-40A6-87EB-85519E1D1A31}.Release|Any CPU.Build.0 = Release|Any CPU
		{39A13832-002A-4F73-9D87-010E6EFC1762}.Debug|Any CPU.ActiveCfg = Debug|Any CPU
		{39A13832-002A-4F73-9D87-010E6EFC1762}.Debug|Any CPU.Build.0 = Debug|Any CPU
		{39A13832-002A-4F73-9D87-010E6EFC1762}.Release|Any CPU.ActiveCfg = Release|Any CPU
		{39A13832-002A-4F73-9D87-010E6EFC1762}.Release|Any CPU.Build.0 = Release|Any CPU
		{54BA2320-4791-42A1-ADB0-47283BDFDD58}.Debug|Any CPU.ActiveCfg = Debug|Any CPU
		{54BA2320-4791-42A1-ADB0-47283BDFDD58}.Debug|Any CPU.Build.0 = Debug|Any CPU
		{54BA2320-4791-42A1-ADB0-47283BDFDD58}.Release|Any CPU.ActiveCfg = Release|Any CPU
		{54BA2320-4791-42A1-ADB0-47283BDFDD58}.Release|Any CPU.Build.0 = Release|Any CPU
	EndGlobalSection
	GlobalSection(SolutionProperties) = preSolution
		HideSolutionNode = FALSE
	EndGlobalSection
	GlobalSection(ExtensibilityGlobals) = postSolution
		SolutionGuid = {596BA656-67EC-4ACC-B036-56D4F70EF335}
	EndGlobalSection
EndGlobal
